// !$*UTF8*$!
{
	archiveVersion = 1;
	classes = {
	};
	objectVersion = 50;
	objects = {

/* Begin PBXBuildFile section */
		8406120523FA00C90084B818 /* AppDelegate.swift in Sources */ = {isa = PBXBuildFile; fileRef = 8406120423FA00C90084B818 /* AppDelegate.swift */; };
		8406120723FA00C90084B818 /* SceneDelegate.swift in Sources */ = {isa = PBXBuildFile; fileRef = 8406120623FA00C90084B818 /* SceneDelegate.swift */; };
		8406120923FA00C90084B818 /* ViewController.swift in Sources */ = {isa = PBXBuildFile; fileRef = 8406120823FA00C90084B818 /* ViewController.swift */; };
		8406120C23FA00C90084B818 /* Main.storyboard in Resources */ = {isa = PBXBuildFile; fileRef = 8406120A23FA00C90084B818 /* Main.storyboard */; };
		8406120E23FA00CB0084B818 /* Assets.xcassets in Resources */ = {isa = PBXBuildFile; fileRef = 8406120D23FA00CB0084B818 /* Assets.xcassets */; };
		8406121123FA00CB0084B818 /* LaunchScreen.storyboard in Resources */ = {isa = PBXBuildFile; fileRef = 8406120F23FA00CB0084B818 /* LaunchScreen.storyboard */; };
		8406121923FA00E90084B818 /* SecondViewController.swift in Sources */ = {isa = PBXBuildFile; fileRef = 8406121823FA00E90084B818 /* SecondViewController.swift */; };
		8406121B23FA02210084B818 /* Extension.swift in Sources */ = {isa = PBXBuildFile; fileRef = 8406121A23FA02210084B818 /* Extension.swift */; };
/* End PBXBuildFile section */

/* Begin PBXFileReference section */
		8406120123FA00C90084B818 /* NotifitionCenter1.app */ = {isa = PBXFileReference; explicitFileType = wrapper.application; includeInIndex = 0; path = NotifitionCenter1.app; sourceTree = BUILT_PRODUCTS_DIR; };
		8406120423FA00C90084B818 /* AppDelegate.swift */ = {isa = PBXFileReference; lastKnownFileType = sourcecode.swift; path = AppDelegate.swift; sourceTree = "<group>"; };
		8406120623FA00C90084B818 /* SceneDelegate.swift */ = {isa = PBXFileReference; lastKnownFileType = sourcecode.swift; path = SceneDelegate.swift; sourceTree = "<group>"; };
		8406120823FA00C90084B818 /* ViewController.swift */ = {isa = PBXFileReference; lastKnownFileType = sourcecode.swift; path = ViewController.swift; sourceTree = "<group>"; };
		8406120B23FA00C90084B818 /* Base */ = {isa = PBXFileReference; lastKnownFileType = file.storyboard; name = Base; path = Base.lproj/Main.storyboard; sourceTree = "<group>"; };
		8406120D23FA00CB0084B818 /* Assets.xcassets */ = {isa = PBXFileReference; lastKnownFileType = folder.assetcatalog; path = Assets.xcassets; sourceTree = "<group>"; };
		8406121023FA00CB0084B818 /* Base */ = {isa = PBXFileReference; lastKnownFileType = file.storyboard; name = Base; path = Base.lproj/LaunchScreen.storyboard; sourceTree = "<group>"; };
		8406121223FA00CB0084B818 /* Info.plist */ = {isa = PBXFileReference; lastKnownFileType = text.plist.xml; path = Info.plist; sourceTree = "<group>"; };
		8406121823FA00E90084B818 /* SecondViewController.swift */ = {isa = PBXFileReference; lastKnownFileType = sourcecode.swift; path = SecondViewController.swift; sourceTree = "<group>"; };
		8406121A23FA02210084B818 /* Extension.swift */ = {isa = PBXFileReference; lastKnownFileType = sourcecode.swift; path = Extension.swift; sourceTree = "<group>"; };
/* End PBXFileReference section */

/* Begin PBXFrameworksBuildPhase section */
		840611FE23FA00C90084B818 /* Frameworks */ = {
			isa = PBXFrameworksBuildPhase;
			buildActionMask = 2147483647;
			files = (
			);
			runOnlyForDeploymentPostprocessing = 0;
		};
/* End PBXFrameworksBuildPhase section */

/* Begin PBXGroup section */
		840611F823FA00C90084B818 = {
			isa = PBXGroup;
			children = (
				8406120323FA00C90084B818 /* NotifitionCenter1 */,
				8406120223FA00C90084B818 /* Products */,
			);
			sourceTree = "<group>";
		};
		8406120223FA00C90084B818 /* Products */ = {
			isa = PBXGroup;
			children = (
				8406120123FA00C90084B818 /* NotifitionCenter1.app */,
			);
			name = Products;
			sourceTree = "<group>";
		};
		8406120323FA00C90084B818 /* NotifitionCenter1 */ = {
			isa = PBXGroup;
			children = (
				8406120423FA00C90084B818 /* AppDelegate.swift */,
				8406120623FA00C90084B818 /* SceneDelegate.swift */,
				8406120823FA00C90084B818 /* ViewController.swift */,
				8406121823FA00E90084B818 /* SecondViewController.swift */,
				8406121A23FA02210084B818 /* Extension.swift */,
				8406120A23FA00C90084B818 /* Main.storyboard */,
				8406120D23FA00CB0084B818 /* Assets.xcassets */,
				8406120F23FA00CB0084B818 /* LaunchScreen.storyboard */,
				8406121223FA00CB0084B818 /* Info.plist */,
			);
			path = NotifitionCenter1;
			sourceTree = "<group>";
		};
/* End PBXGroup section */

/* Begin PBXNativeTarget section */
		8406120023FA00C90084B818 /* NotifitionCenter1 */ = {
			isa = PBXNativeTarget;
			buildConfigurationList = 8406121523FA00CB0084B818 /* Build configuration list for PBXNativeTarget "NotifitionCenter1" */;
			buildPhases = (
				840611FD23FA00C90084B818 /* Sources */,
				840611FE23FA00C90084B818 /* Frameworks */,
				840611FF23FA00C90084B818 /* Resources */,
			);
			buildRules = (
			);
			dependencies = (
			);
			name = NotifitionCenter1;
			productName = NotifitionCenter1;
			productReference = 8406120123FA00C90084B818 /* NotifitionCenter1.app */;
			productType = "com.apple.product-type.application";
		};
/* End PBXNativeTarget section */

/* Begin PBXProject section */
		840611F923FA00C90084B818 /* Project object */ = {
			isa = PBXProject;
			attributes = {
				LastSwiftUpdateCheck = 1100;
				LastUpgradeCheck = 1100;
				ORGANIZATIONNAME = Long;
				TargetAttributes = {
					8406120023FA00C90084B818 = {
						CreatedOnToolsVersion = 11.0;
					};
				};
			};
			buildConfigurationList = 840611FC23FA00C90084B818 /* Build configuration list for PBXProject "NotifitionCenter1" */;
			compatibilityVersion = "Xcode 9.3";
			developmentRegion = en;
			hasScannedForEncodings = 0;
			knownRegions = (
				en,
				Base,
			);
			mainGroup = 840611F823FA00C90084B818;
			productRefGroup = 8406120223FA00C90084B818 /* Products */;
			projectDirPath = "";
			projectRoot = "";
			targets = (
				8406120023FA00C90084B818 /* NotifitionCenter1 */,
			);
		};
/* End PBXProject section */

/* Begin PBXResourcesBuildPhase section */
		840611FF23FA00C90084B818 /* Resources */ = {
			isa = PBXResourcesBuildPhase;
			buildActionMask = 2147483647;
			files = (
				8406121123FA00CB0084B818 /* LaunchScreen.storyboard in Resources */,
				8406120E23FA00CB0084B818 /* Assets.xcassets in Resources */,
				8406120C23FA00C90084B818 /* Main.storyboard in Resources */,
			);
			runOnlyForDeploymentPostprocessing = 0;
		};
/* End PBXResourcesBuildPhase section */

/* Begin PBXSourcesBuildPhase section */
		840611FD23FA00C90084B818 /* Sources */ = {
			isa = PBXSourcesBuildPhase;
			buildActionMask = 2147483647;
			files = (
				8406121B23FA02210084B818 /* Extension.swift in Sources */,
				8406121923FA00E90084B818 /* SecondViewController.swift in Sources */,
				8406120923FA00C90084B818 /* ViewController.swift in Sources */,
				8406120523FA00C90084B818 /* AppDelegate.swift in Sources */,
				8406120723FA00C90084B818 /* SceneDelegate.swift in Sources */,
			);
			runOnlyForDeploymentPostprocessing = 0;
		};
/* End PBXSourcesBuildPhase section */

/* Begin PBXVariantGroup section */
		8406120A23FA00C90084B818 /* Main.storyboard */ = {
			isa = PBXVariantGroup;
			children = (
				8406120B23FA00C90084B818 /* Base */,
			);
			name = Main.storyboard;
			sourceTree = "<group>";
		};
		8406120F23FA00CB0084B818 /* LaunchScreen.storyboard */ = {
			isa = PBXVariantGroup;
			children = (
				8406121023FA00CB0084B818 /* Base */,
			);
			name = LaunchScreen.storyboard;
			sourceTree = "<group>";
		};
/* End PBXVariantGroup section */

/* Begin XCBuildConfiguration section */
		8406121323FA00CB0084B818 /* Debug */ = {
			isa = XCBuildConfiguration;
			buildSettings = {
				ALWAYS_SEARCH_USER_PATHS = NO;
				CLANG_ANALYZER_NONNULL = YES;
				CLANG_ANALYZER_NUMBER_OBJECT_CONVERSION = YES_AGGRESSIVE;
				CLANG_CXX_LANGUAGE_STANDARD = "gnu++14";
				CLANG_CXX_LIBRARY = "libc++";
				CLANG_ENABLE_MODULES = YES;
				CLANG_ENABLE_OBJC_ARC = YES;
				CLANG_ENABLE_OBJC_WEAK = YES;
				CLANG_WARN_BLOCK_CAPTURE_AUTORELEASING = YES;
				CLANG_WARN_BOOL_CONVERSION = YES;
				CLANG_WARN_COMMA = YES;
				CLANG_WARN_CONSTANT_CONVERSION = YES;
				CLANG_WARN_DEPRECATED_OBJC_IMPLEMENTATIONS = YES;
				CLANG_WARN_DIRECT_OBJC_ISA_USAGE = YES_ERROR;
				CLANG_WARN_DOCUMENTATION_COMMENTS = YES;
				CLANG_WARN_EMPTY_BODY = YES;
				CLANG_WARN_ENUM_CONVERSION = YES;
				CLANG_WARN_INFINITE_RECURSION = YES;
				CLANG_WARN_INT_CONVERSION = YES;
				CLANG_WARN_NON_LITERAL_NULL_CONVERSION = YES;
				CLANG_WARN_OBJC_IMPLICIT_RETAIN_SELF = YES;
				CLANG_WARN_OBJC_LITERAL_CONVERSION = YES;
				CLANG_WARN_OBJC_ROOT_CLASS = YES_ERROR;
				CLANG_WARN_RANGE_LOOP_ANALYSIS = YES;
				CLANG_WARN_STRICT_PROTOTYPES = YES;
				CLANG_WARN_SUSPICIOUS_MOVE = YES;
				CLANG_WARN_UNGUARDED_AVAILABILITY = YES_AGGRESSIVE;
				CLANG_WARN_UNREACHABLE_CODE = YES;
				CLANG_WARN__DUPLICATE_METHOD_MATCH = YES;
				COPY_PHASE_STRIP = NO;
				DEBUG_INFORMATION_FORMAT = dwarf;
				ENABLE_STRICT_OBJC_MSGSEND = YES;
				ENABLE_TESTABILITY = YES;
				GCC_C_LANGUAGE_STANDARD = gnu11;
				GCC_DYNAMIC_NO_PIC = NO;
				GCC_NO_COMMON_BLOCKS = YES;
				GCC_OPTIMIZATION_LEVEL = 0;
				GCC_PREPROCESSOR_DEFINITIONS = (
					"DEBUG=1",
					"$(inherited)",
				);
				GCC_WARN_64_TO_32_BIT_CONVERSION = YES;
				GCC_WARN_ABOUT_RETURN_TYPE = YES_ERROR;
				GCC_WARN_UNDECLARED_SELECTOR = YES;
				GCC_WARN_UNINITIALIZED_AUTOS = YES_AGGRESSIVE;
				GCC_WARN_UNUSED_FUNCTION = YES;
				GCC_WARN_UNUSED_VARIABLE = YES;
				IPHONEOS_DEPLOYMENT_TARGET = 13.0;
				MTL_ENABLE_DEBUG_INFO = INCLUDE_SOURCE;
				MTL_FAST_MATH = YES;
				ONLY_ACTIVE_ARCH = YES;
				SDKROOT = iphoneos;
				SWIFT_ACTIVE_COMPILATION_CONDITIONS = DEBUG;
				SWIFT_OPTIMIZATION_LEVEL = "-Onone";
			};
			name = Debug;
		};
		8406121423FA00CB0084B818 /* Release */ = {
			isa = XCBuildConfiguration;
			buildSettings = {
				ALWAYS_SEARCH_USER_PATHS = NO;
				CLANG_ANALYZER_NONNULL = YES;
				CLANG_ANALYZER_NUMBER_OBJECT_CONVERSION = YES_AGGRESSIVE;
				CLANG_CXX_LANGUAGE_STANDARD = "gnu++14";
				CLANG_CXX_LIBRARY = "libc++";
				CLANG_ENABLE_MODULES = YES;
				CLANG_ENABLE_OBJC_ARC = YES;
				CLANG_ENABLE_OBJC_WEAK = YES;
				CLANG_WARN_BLOCK_CAPTURE_AUTORELEASING = YES;
				CLANG_WARN_BOOL_CONVERSION = YES;
				CLANG_WARN_COMMA = YES;
				CLANG_WARN_CONSTANT_CONVERSION = YES;
				CLANG_WARN_DEPRECATED_OBJC_IMPLEMENTATIONS = YES;
				CLANG_WARN_DIRECT_OBJC_ISA_USAGE = YES_ERROR;
				CLANG_WARN_DOCUMENTATION_COMMENTS = YES;
				CLANG_WARN_EMPTY_BODY = YES;
				CLANG_WARN_ENUM_CONVERSION = YES;
				CLANG_WARN_INFINITE_RECURSION = YES;
				CLANG_WARN_INT_CONVERSION = YES;
				CLANG_WARN_NON_LITERAL_NULL_CONVERSION = YES;
				CLANG_WARN_OBJC_IMPLICIT_RETAIN_SELF = YES;
				CLANG_WARN_OBJC_LITERAL_CONVERSION = YES;
				CLANG_WARN_OBJC_ROOT_CLASS = YES_ERROR;
				CLANG_WARN_RANGE_LOOP_ANALYSIS = YES;
				CLANG_WARN_STRICT_PROTOTYPES = YES;
				CLANG_WARN_SUSPICIOUS_MOVE = YES;
				CLANG_WARN_UNGUARDED_AVAILABILITY = YES_AGGRESSIVE;
				CLANG_WARN_UNREACHABLE_CODE = YES;
				CLANG_WARN__DUPLICATE_METHOD_MATCH = YES;
				COPY_PHASE_STRIP = NO;
				DEBUG_INFORMATION_FORMAT = "dwarf-with-dsym";
				ENABLE_NS_ASSERTIONS = NO;
				ENABLE_STRICT_OBJC_MSGSEND = YES;
				GCC_C_LANGUAGE_STANDARD = gnu11;
				GCC_NO_COMMON_BLOCKS = YES;
				GCC_WARN_64_TO_32_BIT_CONVERSION = YES;
				GCC_WARN_ABOUT_RETURN_TYPE = YES_ERROR;
				GCC_WARN_UNDECLARED_SELECTOR = YES;
				GCC_WARN_UNINITIALIZED_AUTOS = YES_AGGRESSIVE;
				GCC_WARN_UNUSED_FUNCTION = YES;
				GCC_WARN_UNUSED_VARIABLE = YES;
				IPHONEOS_DEPLOYMENT_TARGET = 13.0;
				MTL_ENABLE_DEBUG_INFO = NO;
				MTL_FAST_MATH = YES;
				SDKROOT = iphoneos;
				SWIFT_COMPILATION_MODE = wholemodule;
				SWIFT_OPTIMIZATION_LEVEL = "-O";
				VALIDATE_PRODUCT = YES;
			};
			name = Release;
		};
		8406121623FA00CB0084B818 /* Debug */ = {
			isa = XCBuildConfiguration;
			buildSettings = {
				ASSETCATALOG_COMPILER_APPICON_NAME = AppIcon;
				CODE_SIGN_STYLE = Automatic;
				INFOPLIST_FILE = NotifitionCenter1/Info.plist;
				LD_RUNPATH_SEARCH_PATHS = (
					"$(inherited)",
					"@executable_path/Frameworks",
				);
				PRODUCT_BUNDLE_IDENTIFIER = Long.NotifitionCenter1;
				PRODUCT_NAME = "$(TARGET_NAME)";
				SWIFT_VERSION = 5.0;
				TARGETED_DEVICE_FAMILY = "1,2";
			};
			name = Debug;
		};
		8406121723FA00CB0084B818 /* Release */ = {
			isa = XCBuildConfiguration;
			buildSettings = {
				ASSETCATALOG_COMPILER_APPICON_NAME = AppIcon;
				CODE_SIGN_STYLE = Automatic;
				INFOPLIST_FILE = NotifitionCenter1/Info.plist;
				LD_RUNPATH_SEARCH_PATHS = (
					"$(inherited)",
					"@executable_path/Frameworks",
				);
				PRODUCT_BUNDLE_IDENTIFIER = Long.NotifitionCenter1;
				PRODUCT_NAME = "$(TARGET_NAME)";
				SWIFT_VERSION = 5.0;
				TARGETED_DEVICE_FAMILY = "1,2";
			};
			name = Release;
		};
/* End XCBuildConfiguration section */

/* Begin XCConfigurationList section */
		840611FC23FA00C90084B818 /* Build configuration list for PBXProject "NotifitionCenter1" */ = {
			isa = XCConfigurationList;
			buildConfigurations = (
				8406121323FA00CB0084B818 /* Debug */,
				8406121423FA00CB0084B818 /* Release */,
			);
			defaultConfigurationIsVisible = 0;
			defaultConfigurationName = Release;
		};
		8406121523FA00CB0084B818 /* Build configuration list for PBXNativeTarget "NotifitionCenter1" */ = {
			isa = XCConfigurationList;
			buildConfigurations = (
				8406121623FA00CB0084B818 /* Debug */,
				8406121723FA00CB0084B818 /* Release */,
			);
			defaultConfigurationIsVisible = 0;
			defaultConfigurationName = Release;
		};
/* End XCConfigurationList section */
	};
	rootObject = 840611F923FA00C90084B818 /* Project object */;
}
